
Microsoft Visual Studio Solution File, Format Version 12.00
# Visual Studio Version 17
VisualStudioVersion = 17.5.33530.505
MinimumVisualStudioVersion = 10.0.40219.1
Project("{9A19103F-16F7-4668-BE54-9A1E7A4F7556}") = "garbage cleaning", "garbage cleaning.csproj", "{776CD9C8-C331-45E6-A4A3-C93E04B07789}"
EndProject
Global
	GlobalSection(SolutionConfigurationPlatforms) = preSolution
		Debug|Any CPU = Debug|Any CPU
		Release|Any CPU = Release|Any CPU
	EndGlobalSection
	GlobalSection(ProjectConfigurationPlatforms) = postSolution
		{776CD9C8-C331-45E6-A4A3-C93E04B07789}.Debug|Any CPU.ActiveCfg = Debug|Any CPU
		{776CD9C8-C331-45E6-A4A3-C93E04B07789}.Debug|Any CPU.Build.0 = Debug|Any CPU
		{776CD9C8-C331-45E6-A4A3-C93E04B07789}.Release|Any CPU.ActiveCfg = Release|Any CPU
		{776CD9C8-C331-45E6-A4A3-C93E04B07789}.Release|Any CPU.Build.0 = Release|Any CPU
	EndGlobalSection
	GlobalSection(SolutionProperties) = preSolution
		HideSolutionNode = FALSE
	EndGlobalSection
	GlobalSection(ExtensibilityGlobals) = postSolution
		SolutionGuid = {2AC1B2B9-E6C6-49AA-AF55-89F1C091A67C}
	EndGlobalSection
EndGlobal
